// !$*UTF8*$!
{
	archiveVersion = 1;
	classes = {
	};
	objectVersion = 48;
	objects = {

/* Begin PBXBuildFile section */
		045C602A25B1ECCC00305294 /* LakersModelDetector.mlmodel in Sources */ = {isa = PBXBuildFile; fileRef = 045C602925B1ECCB00305294 /* LakersModelDetector.mlmodel */; };
		045C603A25B1F1A600305294 /* HomeController.swift in Sources */ = {isa = PBXBuildFile; fileRef = 045C603925B1F1A600305294 /* HomeController.swift */; };
		045C603D25B1F22200305294 /* FeaturesController.swift in Sources */ = {isa = PBXBuildFile; fileRef = 045C603C25B1F22200305294 /* FeaturesController.swift */; };
		045C604A25B1F29500305294 /* SettingsView.swift in Sources */ = {isa = PBXBuildFile; fileRef = 045C604025B1F29500305294 /* SettingsView.swift */; };
		045C604C25B1F29500305294 /* LineUpView.swift in Sources */ = {isa = PBXBuildFile; fileRef = 045C604225B1F29500305294 /* LineUpView.swift */; };
		045C604D25B1F29500305294 /* StatisticsView.swift in Sources */ = {isa = PBXBuildFile; fileRef = 045C604325B1F29500305294 /* StatisticsView.swift */; };
		045C605025B1F29500305294 /* FeaturesView.swift in Sources */ = {isa = PBXBuildFile; fileRef = 045C604625B1F29500305294 /* FeaturesView.swift */; };
		045C605125B1F29500305294 /* CustomItemTabView.swift in Sources */ = {isa = PBXBuildFile; fileRef = 045C604725B1F29500305294 /* CustomItemTabView.swift */; };
		045C605225B1F29500305294 /* PlayerToFollowCheckBox.swift in Sources */ = {isa = PBXBuildFile; fileRef = 045C604825B1F29500305294 /* PlayerToFollowCheckBox.swift */; };
		045C605325B1F29500305294 /* PlayerImageView.swift in Sources */ = {isa = PBXBuildFile; fileRef = 045C604925B1F29500305294 /* PlayerImageView.swift */; };
		045C605825B1F34F00305294 /* SharedData.swift in Sources */ = {isa = PBXBuildFile; fileRef = 045C605725B1F34F00305294 /* SharedData.swift */; };
		045C605D25B1F44200305294 /* Main.storyboard in Resources */ = {isa = PBXBuildFile; fileRef = 045C605C25B1F44100305294 /* Main.storyboard */; };
		045C606025B1F49100305294 /* DetectionController.swift in Sources */ = {isa = PBXBuildFile; fileRef = 045C605F25B1F49100305294 /* DetectionController.swift */; };
		045C606325B1F4C700305294 /* Model.swift in Sources */ = {isa = PBXBuildFile; fileRef = 045C606225B1F4C700305294 /* Model.swift */; };
		045C606D25B1F5BC00305294 /* Helpers.swift in Sources */ = {isa = PBXBuildFile; fileRef = 045C606C25B1F5BC00305294 /* Helpers.swift */; };
		372CB262209C9B0F00F501E3 /* AppDelegate.swift in Sources */ = {isa = PBXBuildFile; fileRef = 372CB261209C9B0F00F501E3 /* AppDelegate.swift */; };
		372CB265209C9B2600F501E3 /* BoundingBox.swift in Sources */ = {isa = PBXBuildFile; fileRef = 372CB263209C9B2600F501E3 /* BoundingBox.swift */; };
		7BA1C6D01EF27DA000BB25EF /* VideoCapture.swift in Sources */ = {isa = PBXBuildFile; fileRef = 7BC25FB51EF27C0D002ECBBA /* VideoCapture.swift */; };
		7BC25FA91EF1B7D1002ECBBA /* Assets.xcassets in Resources */ = {isa = PBXBuildFile; fileRef = 7BC25FA81EF1B7D1002ECBBA /* Assets.xcassets */; };
/* End PBXBuildFile section */

/* Begin PBXFileReference section */
		045C602925B1ECCB00305294 /* LakersModelDetector.mlmodel */ = {isa = PBXFileReference; lastKnownFileType = file.mlmodel; path = LakersModelDetector.mlmodel; sourceTree = "<group>"; };
		045C603925B1F1A600305294 /* HomeController.swift */ = {isa = PBXFileReference; fileEncoding = 4; lastKnownFileType = sourcecode.swift; path = HomeController.swift; sourceTree = "<group>"; };
		045C603C25B1F22200305294 /* FeaturesController.swift */ = {isa = PBXFileReference; fileEncoding = 4; lastKnownFileType = sourcecode.swift; path = FeaturesController.swift; sourceTree = "<group>"; };
		045C604025B1F29500305294 /* SettingsView.swift */ = {isa = PBXFileReference; fileEncoding = 4; lastKnownFileType = sourcecode.swift; path = SettingsView.swift; sourceTree = "<group>"; };
		045C604225B1F29500305294 /* LineUpView.swift */ = {isa = PBXFileReference; fileEncoding = 4; lastKnownFileType = sourcecode.swift; path = LineUpView.swift; sourceTree = "<group>"; };
		045C604325B1F29500305294 /* StatisticsView.swift */ = {isa = PBXFileReference; fileEncoding = 4; lastKnownFileType = sourcecode.swift; path = StatisticsView.swift; sourceTree = "<group>"; };
		045C604625B1F29500305294 /* FeaturesView.swift */ = {isa = PBXFileReference; fileEncoding = 4; lastKnownFileType = sourcecode.swift; path = FeaturesView.swift; sourceTree = "<group>"; };
		045C604725B1F29500305294 /* CustomItemTabView.swift */ = {isa = PBXFileReference; fileEncoding = 4; lastKnownFileType = sourcecode.swift; path = CustomItemTabView.swift; sourceTree = "<group>"; };
		045C604825B1F29500305294 /* PlayerToFollowCheckBox.swift */ = {isa = PBXFileReference; fileEncoding = 4; lastKnownFileType = sourcecode.swift; path = PlayerToFollowCheckBox.swift; sourceTree = "<group>"; };
		045C604925B1F29500305294 /* PlayerImageView.swift */ = {isa = PBXFileReference; fileEncoding = 4; lastKnownFileType = sourcecode.swift; path = PlayerImageView.swift; sourceTree = "<group>"; };
		045C605725B1F34F00305294 /* SharedData.swift */ = {isa = PBXFileReference; fileEncoding = 4; lastKnownFileType = sourcecode.swift; path = SharedData.swift; sourceTree = "<group>"; };
		045C605C25B1F44100305294 /* Main.storyboard */ = {isa = PBXFileReference; fileEncoding = 4; lastKnownFileType = file.storyboard; path = Main.storyboard; sourceTree = "<group>"; };
		045C605F25B1F49100305294 /* DetectionController.swift */ = {isa = PBXFileReference; fileEncoding = 4; lastKnownFileType = sourcecode.swift; path = DetectionController.swift; sourceTree = "<group>"; };
		045C606225B1F4C700305294 /* Model.swift */ = {isa = PBXFileReference; fileEncoding = 4; lastKnownFileType = sourcecode.swift; path = Model.swift; sourceTree = "<group>"; };
		045C606C25B1F5BC00305294 /* Helpers.swift */ = {isa = PBXFileReference; lastKnownFileType = sourcecode.swift; path = Helpers.swift; sourceTree = "<group>"; };
		372CB261209C9B0F00F501E3 /* AppDelegate.swift */ = {isa = PBXFileReference; fileEncoding = 4; lastKnownFileType = sourcecode.swift; path = AppDelegate.swift; sourceTree = "<group>"; };
		372CB263209C9B2600F501E3 /* BoundingBox.swift */ = {isa = PBXFileReference; fileEncoding = 4; lastKnownFileType = sourcecode.swift; path = BoundingBox.swift; sourceTree = "<group>"; };
		7BC25F9E1EF1B7D1002ECBBA /* LALakersAI.app */ = {isa = PBXFileReference; explicitFileType = wrapper.application; includeInIndex = 0; path = LALakersAI.app; sourceTree = BUILT_PRODUCTS_DIR; };
		7BC25FA81EF1B7D1002ECBBA /* Assets.xcassets */ = {isa = PBXFileReference; lastKnownFileType = folder.assetcatalog; path = Assets.xcassets; sourceTree = "<group>"; };
		7BC25FAD1EF1B7D1002ECBBA /* Info.plist */ = {isa = PBXFileReference; lastKnownFileType = text.plist.xml; path = Info.plist; sourceTree = "<group>"; };
		7BC25FB51EF27C0D002ECBBA /* VideoCapture.swift */ = {isa = PBXFileReference; lastKnownFileType = sourcecode.swift; path = VideoCapture.swift; sourceTree = "<group>"; };
/* End PBXFileReference section */

/* Begin PBXFrameworksBuildPhase section */
		7BC25F9B1EF1B7D1002ECBBA /* Frameworks */ = {
			isa = PBXFrameworksBuildPhase;
			buildActionMask = 2147483647;
			files = (
			);
			runOnlyForDeploymentPostprocessing = 0;
		};
/* End PBXFrameworksBuildPhase section */

/* Begin PBXGroup section */
		045C603F25B1F29500305294 /* SwiftUIViews */ = {
			isa = PBXGroup;
			children = (
				045C604025B1F29500305294 /* SettingsView.swift */,
				045C604225B1F29500305294 /* LineUpView.swift */,
				045C604325B1F29500305294 /* StatisticsView.swift */,
				045C604625B1F29500305294 /* FeaturesView.swift */,
				045C604725B1F29500305294 /* CustomItemTabView.swift */,
				045C604825B1F29500305294 /* PlayerToFollowCheckBox.swift */,
				045C604925B1F29500305294 /* PlayerImageView.swift */,
			);
			path = SwiftUIViews;
			sourceTree = "<group>";
		};
		045C606925B1F57900305294 /* Controllers */ = {
			isa = PBXGroup;
			children = (
				045C603925B1F1A600305294 /* HomeController.swift */,
				045C605F25B1F49100305294 /* DetectionController.swift */,
				045C603C25B1F22200305294 /* FeaturesController.swift */,
			);
			path = Controllers;
			sourceTree = "<group>";
		};
		045C606A25B1F58400305294 /* Camera */ = {
			isa = PBXGroup;
			children = (
				7BC25FB51EF27C0D002ECBBA /* VideoCapture.swift */,
			);
			path = Camera;
			sourceTree = "<group>";
		};
		045C606B25B1F59600305294 /* Utils */ = {
			isa = PBXGroup;
			children = (
				045C602925B1ECCB00305294 /* LakersModelDetector.mlmodel */,
				372CB263209C9B2600F501E3 /* BoundingBox.swift */,
				045C605725B1F34F00305294 /* SharedData.swift */,
				045C606225B1F4C700305294 /* Model.swift */,
				045C606C25B1F5BC00305294 /* Helpers.swift */,
			);
			path = Utils;
			sourceTree = "<group>";
		};
		7BC25F951EF1B7D1002ECBBA = {
			isa = PBXGroup;
			children = (
				7BC25FA01EF1B7D1002ECBBA /* LALakersAI */,
				7BC25F9F1EF1B7D1002ECBBA /* Products */,
			);
			sourceTree = "<group>";
		};
		7BC25F9F1EF1B7D1002ECBBA /* Products */ = {
			isa = PBXGroup;
			children = (
				7BC25F9E1EF1B7D1002ECBBA /* LALakersAI.app */,
			);
			name = Products;
			sourceTree = "<group>";
		};
		7BC25FA01EF1B7D1002ECBBA /* LALakersAI */ = {
			isa = PBXGroup;
			children = (
				045C606A25B1F58400305294 /* Camera */,
				045C606925B1F57900305294 /* Controllers */,
				045C603F25B1F29500305294 /* SwiftUIViews */,
				045C606B25B1F59600305294 /* Utils */,
				372CB261209C9B0F00F501E3 /* AppDelegate.swift */,
				7BC25FA81EF1B7D1002ECBBA /* Assets.xcassets */,
				7BC25FAD1EF1B7D1002ECBBA /* Info.plist */,
				045C605C25B1F44100305294 /* Main.storyboard */,
			);
			path = LALakersAI;
			sourceTree = "<group>";
		};
/* End PBXGroup section */

/* Begin PBXNativeTarget section */
		7BC25F9D1EF1B7D1002ECBBA /* LALakersAI */ = {
			isa = PBXNativeTarget;
			buildConfigurationList = 7BC25FB01EF1B7D1002ECBBA /* Build configuration list for PBXNativeTarget "LALakersAI" */;
			buildPhases = (
				7BC25F9A1EF1B7D1002ECBBA /* Sources */,
				7BC25F9B1EF1B7D1002ECBBA /* Frameworks */,
				7BC25F9C1EF1B7D1002ECBBA /* Resources */,
			);
			buildRules = (
			);
			dependencies = (
			);
			name = LALakersAI;
			productName = "YOLOv3-CoreML";
			productReference = 7BC25F9E1EF1B7D1002ECBBA /* LALakersAI.app */;
			productType = "com.apple.product-type.application";
		};
/* End PBXNativeTarget section */

/* Begin PBXProject section */
		7BC25F961EF1B7D1002ECBBA /* Project object */ = {
			isa = PBXProject;
			attributes = {
				LastSwiftUpdateCheck = 0900;
				LastUpgradeCheck = 1220;
				ORGANIZATIONNAME = MachineThink;
				TargetAttributes = {
					7BC25F9D1EF1B7D1002ECBBA = {
						CreatedOnToolsVersion = 9.0;
						LastSwiftMigration = 1220;
						ProvisioningStyle = Automatic;
					};
				};
			};
			buildConfigurationList = 7BC25F991EF1B7D1002ECBBA /* Build configuration list for PBXProject "LALakersAI" */;
			compatibilityVersion = "Xcode 8.0";
			developmentRegion = en;
			hasScannedForEncodings = 0;
			knownRegions = (
				en,
				Base,
			);
			mainGroup = 7BC25F951EF1B7D1002ECBBA;
			productRefGroup = 7BC25F9F1EF1B7D1002ECBBA /* Products */;
			projectDirPath = "";
			projectRoot = "";
			targets = (
				7BC25F9D1EF1B7D1002ECBBA /* LALakersAI */,
			);
		};
/* End PBXProject section */

/* Begin PBXResourcesBuildPhase section */
		7BC25F9C1EF1B7D1002ECBBA /* Resources */ = {
			isa = PBXResourcesBuildPhase;
			buildActionMask = 2147483647;
			files = (
				045C605D25B1F44200305294 /* Main.storyboard in Resources */,
				7BC25FA91EF1B7D1002ECBBA /* Assets.xcassets in Resources */,
			);
			runOnlyForDeploymentPostprocessing = 0;
		};
/* End PBXResourcesBuildPhase section */

/* Begin PBXSourcesBuildPhase section */
		7BC25F9A1EF1B7D1002ECBBA /* Sources */ = {
			isa = PBXSourcesBuildPhase;
			buildActionMask = 2147483647;
			files = (
				045C602A25B1ECCC00305294 /* LakersModelDetector.mlmodel in Sources */,
				7BA1C6D01EF27DA000BB25EF /* VideoCapture.swift in Sources */,
				045C605125B1F29500305294 /* CustomItemTabView.swift in Sources */,
				045C603D25B1F22200305294 /* FeaturesController.swift in Sources */,
				045C603A25B1F1A600305294 /* HomeController.swift in Sources */,
				045C606025B1F49100305294 /* DetectionController.swift in Sources */,
				045C605225B1F29500305294 /* PlayerToFollowCheckBox.swift in Sources */,
				045C606325B1F4C700305294 /* Model.swift in Sources */,
				045C604D25B1F29500305294 /* StatisticsView.swift in Sources */,
				372CB265209C9B2600F501E3 /* BoundingBox.swift in Sources */,
				372CB262209C9B0F00F501E3 /* AppDelegate.swift in Sources */,
				045C605025B1F29500305294 /* FeaturesView.swift in Sources */,
				045C605325B1F29500305294 /* PlayerImageView.swift in Sources */,
				045C605825B1F34F00305294 /* SharedData.swift in Sources */,
				045C606D25B1F5BC00305294 /* Helpers.swift in Sources */,
				045C604A25B1F29500305294 /* SettingsView.swift in Sources */,
				045C604C25B1F29500305294 /* LineUpView.swift in Sources */,
			);
			runOnlyForDeploymentPostprocessing = 0;
		};
/* End PBXSourcesBuildPhase section */

/* Begin XCBuildConfiguration section */
		7BC25FAE1EF1B7D1002ECBBA /* Debug */ = {
			isa = XCBuildConfiguration;
			buildSettings = {
				ALWAYS_SEARCH_USER_PATHS = NO;
				CLANG_ANALYZER_NONNULL = YES;
				CLANG_ANALYZER_NUMBER_OBJECT_CONVERSION = YES_AGGRESSIVE;
				CLANG_CXX_LANGUAGE_STANDARD = "gnu++14";
				CLANG_CXX_LIBRARY = "libc++";
				CLANG_ENABLE_MODULES = YES;
				CLANG_ENABLE_OBJC_ARC = YES;
				CLANG_WARN_BLOCK_CAPTURE_AUTORELEASING = YES;
				CLANG_WARN_BOOL_CONVERSION = YES;
				CLANG_WARN_COMMA = YES;
				CLANG_WARN_CONSTANT_CONVERSION = YES;
				CLANG_WARN_DEPRECATED_OBJC_IMPLEMENTATIONS = YES;
				CLANG_WARN_DIRECT_OBJC_ISA_USAGE = YES_ERROR;
				CLANG_WARN_DOCUMENTATION_COMMENTS = YES;
				CLANG_WARN_EMPTY_BODY = YES;
				CLANG_WARN_ENUM_CONVERSION = YES;
				CLANG_WARN_INFINITE_RECURSION = YES;
				CLANG_WARN_INT_CONVERSION = YES;
				CLANG_WARN_NON_LITERAL_NULL_CONVERSION = YES;
				CLANG_WARN_OBJC_IMPLICIT_RETAIN_SELF = YES;
				CLANG_WARN_OBJC_LITERAL_CONVERSION = YES;
				CLANG_WARN_OBJC_ROOT_CLASS = YES_ERROR;
				CLANG_WARN_QUOTED_INCLUDE_IN_FRAMEWORK_HEADER = YES;
				CLANG_WARN_RANGE_LOOP_ANALYSIS = YES;
				CLANG_WARN_STRICT_PROTOTYPES = YES;
				CLANG_WARN_SUSPICIOUS_MOVE = YES;
				CLANG_WARN_UNGUARDED_AVAILABILITY = YES_AGGRESSIVE;
				CLANG_WARN_UNREACHABLE_CODE = YES;
				CLANG_WARN__DUPLICATE_METHOD_MATCH = YES;
				CODE_SIGN_IDENTITY = "iPhone Developer";
				COPY_PHASE_STRIP = NO;
				DEBUG_INFORMATION_FORMAT = dwarf;
				ENABLE_STRICT_OBJC_MSGSEND = YES;
				ENABLE_TESTABILITY = YES;
				GCC_C_LANGUAGE_STANDARD = gnu11;
				GCC_DYNAMIC_NO_PIC = NO;
				GCC_NO_COMMON_BLOCKS = YES;
				GCC_OPTIMIZATION_LEVEL = s;
				GCC_PREPROCESSOR_DEFINITIONS = (
					"DEBUG=1",
					"$(inherited)",
				);
				GCC_WARN_64_TO_32_BIT_CONVERSION = YES;
				GCC_WARN_ABOUT_RETURN_TYPE = YES_ERROR;
				GCC_WARN_UNDECLARED_SELECTOR = YES;
				GCC_WARN_UNINITIALIZED_AUTOS = YES_AGGRESSIVE;
				GCC_WARN_UNUSED_FUNCTION = YES;
				GCC_WARN_UNUSED_VARIABLE = YES;
				IPHONEOS_DEPLOYMENT_TARGET = 14.0;
				MTL_ENABLE_DEBUG_INFO = YES;
				ONLY_ACTIVE_ARCH = YES;
				SDKROOT = iphoneos;
				SWIFT_ACTIVE_COMPILATION_CONDITIONS = DEBUG;
				SWIFT_OPTIMIZATION_LEVEL = "-O";
			};
			name = Debug;
		};
		7BC25FAF1EF1B7D1002ECBBA /* Release */ = {
			isa = XCBuildConfiguration;
			buildSettings = {
				ALWAYS_SEARCH_USER_PATHS = NO;
				CLANG_ANALYZER_NONNULL = YES;
				CLANG_ANALYZER_NUMBER_OBJECT_CONVERSION = YES_AGGRESSIVE;
				CLANG_CXX_LANGUAGE_STANDARD = "gnu++14";
				CLANG_CXX_LIBRARY = "libc++";
				CLANG_ENABLE_MODULES = YES;
				CLANG_ENABLE_OBJC_ARC = YES;
				CLANG_WARN_BLOCK_CAPTURE_AUTORELEASING = YES;
				CLANG_WARN_BOOL_CONVERSION = YES;
				CLANG_WARN_COMMA = YES;
				CLANG_WARN_CONSTANT_CONVERSION = YES;
				CLANG_WARN_DEPRECATED_OBJC_IMPLEMENTATIONS = YES;
				CLANG_WARN_DIRECT_OBJC_ISA_USAGE = YES_ERROR;
				CLANG_WARN_DOCUMENTATION_COMMENTS = YES;
				CLANG_WARN_EMPTY_BODY = YES;
				CLANG_WARN_ENUM_CONVERSION = YES;
				CLANG_WARN_INFINITE_RECURSION = YES;
				CLANG_WARN_INT_CONVERSION = YES;
				CLANG_WARN_NON_LITERAL_NULL_CONVERSION = YES;
				CLANG_WARN_OBJC_IMPLICIT_RETAIN_SELF = YES;
				CLANG_WARN_OBJC_LITERAL_CONVERSION = YES;
				CLANG_WARN_OBJC_ROOT_CLASS = YES_ERROR;
				CLANG_WARN_QUOTED_INCLUDE_IN_FRAMEWORK_HEADER = YES;
				CLANG_WARN_RANGE_LOOP_ANALYSIS = YES;
				CLANG_WARN_STRICT_PROTOTYPES = YES;
				CLANG_WARN_SUSPICIOUS_MOVE = YES;
				CLANG_WARN_UNGUARDED_AVAILABILITY = YES_AGGRESSIVE;
				CLANG_WARN_UNREACHABLE_CODE = YES;
				CLANG_WARN__DUPLICATE_METHOD_MATCH = YES;
				CODE_SIGN_IDENTITY = "iPhone Developer";
				COPY_PHASE_STRIP = NO;
				DEBUG_INFORMATION_FORMAT = "dwarf-with-dsym";
				ENABLE_NS_ASSERTIONS = NO;
				ENABLE_STRICT_OBJC_MSGSEND = YES;
				GCC_C_LANGUAGE_STANDARD = gnu11;
				GCC_NO_COMMON_BLOCKS = YES;
				GCC_WARN_64_TO_32_BIT_CONVERSION = YES;
				GCC_WARN_ABOUT_RETURN_TYPE = YES_ERROR;
				GCC_WARN_UNDECLARED_SELECTOR = YES;
				GCC_WARN_UNINITIALIZED_AUTOS = YES_AGGRESSIVE;
				GCC_WARN_UNUSED_FUNCTION = YES;
				GCC_WARN_UNUSED_VARIABLE = YES;
				IPHONEOS_DEPLOYMENT_TARGET = 14.0;
				MTL_ENABLE_DEBUG_INFO = NO;
				SDKROOT = iphoneos;
				SWIFT_OPTIMIZATION_LEVEL = "-Owholemodule";
				VALIDATE_PRODUCT = YES;
			};
			name = Release;
		};
		7BC25FB11EF1B7D1002ECBBA /* Debug */ = {
			isa = XCBuildConfiguration;
			buildSettings = {
				ASSETCATALOG_COMPILER_APPICON_NAME = AppIcon;
				CODE_SIGN_IDENTITY = "iPhone Developer: 1067837450@qq.com (EA34W5QFTF)";
				"CODE_SIGN_IDENTITY[sdk=iphoneos*]" = "iPhone Developer";
				CODE_SIGN_STYLE = Automatic;
				DEVELOPMENT_TEAM = X3VK8L3LPC;
				GCC_OPTIMIZATION_LEVEL = s;
				INFOPLIST_FILE = LALakersAI/Info.plist;
				LD_RUNPATH_SEARCH_PATHS = "$(inherited) @executable_path/Frameworks";
				PRODUCT_BUNDLE_IDENTIFIER = com.danielecolautti.LALakersAI;
				PRODUCT_NAME = "$(TARGET_NAME)";
				PROVISIONING_PROFILE_SPECIFIER = "";
				SWIFT_OPTIMIZATION_LEVEL = "-Owholemodule";
				SWIFT_VERSION = 5.0;
				TARGETED_DEVICE_FAMILY = 1;
			};
			name = Debug;
		};
		7BC25FB21EF1B7D1002ECBBA /* Release */ = {
			isa = XCBuildConfiguration;
			buildSettings = {
				ASSETCATALOG_COMPILER_APPICON_NAME = AppIcon;
				CODE_SIGN_IDENTITY = "iPhone Developer: 1067837450@qq.com (EA34W5QFTF)";
				"CODE_SIGN_IDENTITY[sdk=iphoneos*]" = "iPhone Developer";
				CODE_SIGN_STYLE = Automatic;
				DEVELOPMENT_TEAM = X3VK8L3LPC;
				INFOPLIST_FILE = LALakersAI/Info.plist;
				LD_RUNPATH_SEARCH_PATHS = "$(inherited) @executable_path/Frameworks";
				PRODUCT_BUNDLE_IDENTIFIER = com.danielecolautti.LALakersAI;
				PRODUCT_NAME = "$(TARGET_NAME)";
				PROVISIONING_PROFILE_SPECIFIER = "";
				SWIFT_OPTIMIZATION_LEVEL = "-O";
				SWIFT_VERSION = 5.0;
				TARGETED_DEVICE_FAMILY = 1;
			};
			name = Release;
		};
/* End XCBuildConfiguration section */

/* Begin XCConfigurationList section */
		7BC25F991EF1B7D1002ECBBA /* Build configuration list for PBXProject "LALakersAI" */ = {
			isa = XCConfigurationList;
			buildConfigurations = (
				7BC25FAE1EF1B7D1002ECBBA /* Debug */,
				7BC25FAF1EF1B7D1002ECBBA /* Release */,
			);
			defaultConfigurationIsVisible = 0;
			defaultConfigurationName = Release;
		};
		7BC25FB01EF1B7D1002ECBBA /* Build configuration list for PBXNativeTarget "LALakersAI" */ = {
			isa = XCConfigurationList;
			buildConfigurations = (
				7BC25FB11EF1B7D1002ECBBA /* Debug */,
				7BC25FB21EF1B7D1002ECBBA /* Release */,
			);
			defaultConfigurationIsVisible = 0;
			defaultConfigurationName = Release;
		};
/* End XCConfigurationList section */
	};
	rootObject = 7BC25F961EF1B7D1002ECBBA /* Project object */;
}
